# THIS IS AN AUTOGENERATED FILE. DO NOT EDIT THIS FILE DIRECTLY.
# yarn lockfile v1


"@adraffy/ens-normalize@^1.11.0":
  version "1.11.1"
  resolved "https://registry.npmjs.org/@adraffy/ens-normalize/-/ens-normalize-1.11.1.tgz#6c2d657d4b2dfb37f8ea811dcb3e60843d4ac24a"
  integrity sha512-nhCBV3quEgesuf7c7KYfperqSS14T8bYuvJ8PcLJp6znkZpFc0AuW4qBtr8eKVyPPe/8RSr7sglCWPU5eaxwKQ==

"@noble/ciphers@^1.3.0":
  version "1.3.0"
  resolved "https://registry.npmjs.org/@noble/ciphers/-/ciphers-1.3.0.tgz#f64b8ff886c240e644e5573c097f86e5b43676dc"
  integrity sha512-2I0gnIVPtfnMw9ee9h1dJG7tp81+8Ob3OJb3Mv37rx5L40/b0i7djjCVvGOVqc9AEIQyvyu1i6ypKdFw8R8gQw==

"@noble/curves@1.9.1":
  version "1.9.1"
  resolved "https://registry.npmjs.org/@noble/curves/-/curves-1.9.1.tgz#9654a0bc6c13420ae252ddcf975eaf0f58f0a35c"
  integrity sha512-k11yZxZg+t+gWvBbIswW0yoJlu8cHOC7dhunwOzoWH/mXGBiYyR4YY6hAEK/3EUs4UpB8la1RfdRpeGsFHkWsA==
  dependencies:
    "@noble/hashes" "1.8.0"

"@noble/curves@^1.0.0", "@noble/curves@~1.9.0":
  version "1.9.7"
  resolved "https://registry.npmjs.org/@noble/curves/-/curves-1.9.7.tgz#79d04b4758a43e4bca2cbdc62e7771352fa6b951"
  integrity sha512-gbKGcRUYIjA3/zCCNaWDciTMFI0dCkvou3TL8Zmy5Nc7sJ47a0jtOeZoTaMxkuqRo9cRhjOdZJXegxYE5FN/xw==
  dependencies:
    "@noble/hashes" "1.8.0"

"@noble/curves@~1.0.0":
  version "1.0.0"
  resolved "https://registry.npmjs.org/@noble/curves/-/curves-1.0.0.tgz#e40be8c7daf088aaf291887cbc73f43464a92932"
  integrity sha512-2upgEu0iLiDVDZkNLeFV2+ht0BAVgQnEmCk6JsOch9Rp8xfkMCbvbAZlA2pBHQc73dbl+vFOXfqkf4uemdn0bw==
  dependencies:
    "@noble/hashes" "1.3.0"

"@noble/hashes@1.3.0":
  version "1.3.0"
  resolved "https://registry.npmjs.org/@noble/hashes/-/hashes-1.3.0.tgz#085fd70f6d7d9d109671090ccae1d3bec62554a1"
  integrity sha512-ilHEACi9DwqJB0pw7kv+Apvh50jiiSyR/cQ3y4W7lOR5mhvn/50FLUfsnfJz0BDZtl/RR16kXvptiv6q1msYZg==

"@noble/hashes@1.8.0", "@noble/hashes@^1.8.0", "@noble/hashes@~1.8.0":
  version "1.8.0"
  resolved "https://registry.npmjs.org/@noble/hashes/-/hashes-1.8.0.tgz#cee43d801fcef9644b11b8194857695acd5f815a"
  integrity sha512-jCs9ldd7NwzpgXDIf6P3+NrHh9/sD6CQdxHyjQI+h/6rDNo88ypBxxz45UDuZHz9r3tNz7N/VInSVoVdtXEI4A==

"@noble/hashes@~1.3.0":
  version "1.3.3"
  resolved "https://registry.npmjs.org/@noble/hashes/-/hashes-1.3.3.tgz#39908da56a4adc270147bb07968bf3b16cfe1699"
  integrity sha512-V7/fPHgl+jsVPXqqeOzT8egNj2iBIVt+ECeMMG8TdcnTikP3oaBtUVqpT/gYCR68aEBJSF+XbYUxStjbFMqIIA==

"@scure/base@~1.1.0":
  version "1.1.9"
  resolved "https://registry.npmjs.org/@scure/base/-/base-1.1.9.tgz#e5e142fbbfe251091f9c5f1dd4c834ac04c3dbd1"
  integrity sha512-8YKhl8GHiNI/pU2VMaofa2Tor7PJRAjwQLBBuilkJ9L5+13yVbC7JO/wS7piioAvPSwR3JKM1IJ/u4xQzbcXKg==

"@scure/base@~1.2.5":
  version "1.2.6"
  resolved "https://registry.npmjs.org/@scure/base/-/base-1.2.6.tgz#ca917184b8231394dd8847509c67a0be522e59f6"
  integrity sha512-g/nm5FgUa//MCj1gV09zTJTaM6KBAHqLN907YVQqf7zC49+DcO4B1so4ZX07Ef10Twr6nuqYEH9GEggFXA4Fmg==

"@scure/bip32@1.3.0":
  version "1.3.0"
  resolved "https://registry.npmjs.org/@scure/bip32/-/bip32-1.3.0.tgz#6c8d980ef3f290987736acd0ee2e0f0d50068d87"
  integrity sha512-bcKpo1oj54hGholplGLpqPHRbIsnbixFtc06nwuNM5/dwSXOq/AAYoIBRsBmnZJSdfeNW5rnff7NTAz3ZCqR9Q==
  dependencies:
    "@noble/curves" "~1.0.0"
    "@noble/hashes" "~1.3.0"
    "@scure/base" "~1.1.0"

"@scure/bip32@1.7.0", "@scure/bip32@^1.7.0":
  version "1.7.0"
  resolved "https://registry.npmjs.org/@scure/bip32/-/bip32-1.7.0.tgz#b8683bab172369f988f1589640e53c4606984219"
  integrity sha512-E4FFX/N3f4B80AKWp5dP6ow+flD1LQZo/w8UnLGYZO674jS6YnYeepycOOksv+vLPSpgN35wgKgy+ybfTb2SMw==
  dependencies:
    "@noble/curves" "~1.9.0"
    "@noble/hashes" "~1.8.0"
    "@scure/base" "~1.2.5"

"@scure/bip39@1.6.0", "@scure/bip39@^1.2.1", "@scure/bip39@^1.6.0":
  version "1.6.0"
  resolved "https://registry.npmjs.org/@scure/bip39/-/bip39-1.6.0.tgz#475970ace440d7be87a6086cbee77cb8f1a684f9"
  integrity sha512-+lF0BbLiJNwVlev4eKelw1WWLaiKXw7sSl8T6FvBlWkdX+94aGJ4o8XjUdlyhTCjd8c+B3KT3JfS8P0bLRNU6A==
  dependencies:
    "@noble/hashes" "~1.8.0"
    "@scure/base" "~1.2.5"

"@solana/accounts@5.0.0":
  version "5.0.0"
  resolved "https://registry.npmjs.org/@solana/accounts/-/accounts-5.0.0.tgz#e9248efec52f220be65c0443ecc3ea44557454b9"
  integrity sha512-0JzBdEobgp8NBdhhu+GgwNDh7e8KkHDsSTVZAnNQgvT3taOz0Mwv5E48MuEeDhW6DLFwWVAx/FO3pvibG/NGwA==
  dependencies:
    "@solana/addresses" "5.0.0"
    "@solana/codecs-core" "5.0.0"
    "@solana/codecs-strings" "5.0.0"
    "@solana/errors" "5.0.0"
    "@solana/rpc-spec" "5.0.0"
    "@solana/rpc-types" "5.0.0"

"@solana/addresses@5.0.0":
  version "5.0.0"
  resolved "https://registry.npmjs.org/@solana/addresses/-/addresses-5.0.0.tgz#18b1c174b6c81f72e3b1703c3c8dfc6523651d44"
  integrity sha512-bVk+khc1ZZQHMri25csosM/ikuyPcB/CZidDM/ZMBX0CoJErpHJnmcID5mYOmv4/UHbqo2OANuEaGcFO0Q37sw==
  dependencies:
    "@solana/assertions" "5.0.0"
    "@solana/codecs-core" "5.0.0"
    "@solana/codecs-strings" "5.0.0"
    "@solana/errors" "5.0.0"
    "@solana/nominal-types" "5.0.0"

"@solana/assertions@5.0.0":
  version "5.0.0"
  resolved "https://registry.npmjs.org/@solana/assertions/-/assertions-5.0.0.tgz#c06cd53dc9a68cc757d2f1f7eec690c744966dee"
  integrity sha512-2kIykk90kYciQW6bp+KaE6jRd1Y2CgHPeJxxlc5chQnjhoG6eiD8VXvocs6AvqPTht0p/SoEj9jH5tT4oG/bcg==
  dependencies:
    "@solana/errors" "5.0.0"

"@solana/codecs-core@5.0.0":
  version "5.0.0"
  resolved "https://registry.npmjs.org/@solana/codecs-core/-/codecs-core-5.0.0.tgz#9e4d30f669ef1fd13816d543117663e3c35d424b"
  integrity sha512-rCG2d8OaamVF2/J//YyCgDqNJpUytVVltw9C8mJtEz5c6Se/LR6BFuG8g4xeJswq/ab4RFk5/HFdgbvNjKgQjA==
  dependencies:
    "@solana/errors" "5.0.0"

"@solana/codecs-data-structures@5.0.0":
  version "5.0.0"
  resolved "https://registry.npmjs.org/@solana/codecs-data-structures/-/codecs-data-structures-5.0.0.tgz#5b24448523883d719cdc62bb0bde1ab0a1cb04a6"
  integrity sha512-y503Pqmv0LHcfcf0vQJGaxDvydQJbyCo8nK3nxn56EhFj5lBQ1NWb3WvTd83epigwuZurW2MhJARrpikfhQglQ==
  dependencies:
    "@solana/codecs-core" "5.0.0"
    "@solana/codecs-numbers" "5.0.0"
    "@solana/errors" "5.0.0"

"@solana/codecs-numbers@5.0.0":
  version "5.0.0"
  resolved "https://registry.npmjs.org/@solana/codecs-numbers/-/codecs-numbers-5.0.0.tgz#355b617171613e67b0c900673dbb12cff5ef9e3f"
  integrity sha512-a2+skRLuUK02f/XFe4L0e1+wHCyfK25PkyseFps1v1l4pvevukFwth/EhSyrs6w5CsTJRVoR7MuE3E00PM4egw==
  dependencies:
    "@solana/codecs-core" "5.0.0"
    "@solana/errors" "5.0.0"

"@solana/codecs-strings@5.0.0":
  version "5.0.0"
  resolved "https://registry.npmjs.org/@solana/codecs-strings/-/codecs-strings-5.0.0.tgz#01e13317bcc2e4df891903ad18baa1416a23efb3"
  integrity sha512-ALkRwpV8bGR6qjAYw0YXZwp2YI4wzvKOJGmx04Ut8gMdbaUx7qOcJkhEQKI6ZVC3lAWSIS1N1wGccUZDwvfKxw==
  dependencies:
    "@solana/codecs-core" "5.0.0"
    "@solana/codecs-numbers" "5.0.0"
    "@solana/errors" "5.0.0"

"@solana/codecs@5.0.0":
  version "5.0.0"
  resolved "https://registry.npmjs.org/@solana/codecs/-/codecs-5.0.0.tgz#2c57ec595b0e7eb2507a7ad3b03acae7028840a1"
  integrity sha512-KOw0gFUSBxIMDWLJ3AkVFkEci91dw0Rpx3C6y83Our7fSW+SEP8vRZklCElieYR85LHVB1QIEhoeHR7rc+Ifkw==
  dependencies:
    "@solana/codecs-core" "5.0.0"
    "@solana/codecs-data-structures" "5.0.0"
    "@solana/codecs-numbers" "5.0.0"
    "@solana/codecs-strings" "5.0.0"
    "@solana/options" "5.0.0"

"@solana/errors@5.0.0":
  version "5.0.0"
  resolved "https://registry.npmjs.org/@solana/errors/-/errors-5.0.0.tgz#1a5ec71346ef27ddeb04814663cb5b6df73f77ed"
  integrity sha512-gTuhzO6E+ydfAAzqmqdPcvFyJwAzFKKIrqtnZPpgAuomcPYu+HSo0tuwSM/cTX0djmHt+GoOsf/julph+nvs2w==
  dependencies:
    chalk "5.6.2"
    commander "14.0.1"

"@solana/fast-stable-stringify@5.0.0":
  version "5.0.0"
  resolved "https://registry.npmjs.org/@solana/fast-stable-stringify/-/fast-stable-stringify-5.0.0.tgz#3736a038848a0e8ca81e77eeec4bde247cedf325"
  integrity sha512-sGTbu7a4/olL+8EIOOJ7IZjzqOOpCJcK1UaVJ6015sRgo9vwGf4jg9KtXEYv5LVhLCTYmAb50L4BaIUcBph/Ig==

"@solana/functional@5.0.0":
  version "5.0.0"
  resolved "https://registry.npmjs.org/@solana/functional/-/functional-5.0.0.tgz#4227e5699c3a26fa1772b394a7399cde8120f1d4"
  integrity sha512-UNBrpfzBL4dKD2iucjNnrkFbnjz5ZYDu2OvrIBAcCSQsxxgHMamUj1n3EDe6kl1us49YG1r05Ho8QLqNrbkVbw==

"@solana/instruction-plans@5.0.0":
  version "5.0.0"
  resolved "https://registry.npmjs.org/@solana/instruction-plans/-/instruction-plans-5.0.0.tgz#46e9eab0de0f806644f1c36af825a300761ca2d4"
  integrity sha512-n9oFOMFUPYKEhsXzrXT97QBQ2WvOTar+5SFEj/IOtRuCn4gl2kh0369cjXZpFwUdE3tmKr1zfYFNwbtiNx5pvg==
  dependencies:
    "@solana/errors" "5.0.0"
    "@solana/instructions" "5.0.0"
    "@solana/promises" "5.0.0"
    "@solana/transaction-messages" "5.0.0"
    "@solana/transactions" "5.0.0"

"@solana/instructions@5.0.0":
  version "5.0.0"
  resolved "https://registry.npmjs.org/@solana/instructions/-/instructions-5.0.0.tgz#67ccef2d732b5594e898d6c95e95b33eab3db73f"
  integrity sha512-12dbrmwERT1o6NTr/Uvrjj/ZsiteSXoT5Gi+dnjIeRNHWg9H+gEFuFzJvTDVKlNg34CZ71xdvbVdbV0V8gKGvg==
  dependencies:
    "@solana/codecs-core" "5.0.0"
    "@solana/errors" "5.0.0"

"@solana/keys@5.0.0":
  version "5.0.0"
  resolved "https://registry.npmjs.org/@solana/keys/-/keys-5.0.0.tgz#0b542c1e223ac7dc14145fdfda74cd73bfe21970"
  integrity sha512-kWkR7NslpTttk5i1BhBNCDtVQDkEtgkdsM3Jp9TGPk0GFjBjBwrQStw3vvwLe8itEIvRFGFZU6JHEk8HLS0WLQ==
  dependencies:
    "@solana/assertions" "5.0.0"
    "@solana/codecs-core" "5.0.0"
    "@solana/codecs-strings" "5.0.0"
    "@solana/errors" "5.0.0"
    "@solana/nominal-types" "5.0.0"

"@solana/kit@^5.0.0":
  version "5.0.0"
  resolved "https://registry.npmjs.org/@solana/kit/-/kit-5.0.0.tgz#2c6f675599021a7c9cf512c4a422a2ea21782dae"
  integrity sha512-3ahtzmmMgU+1l2YMhQJSKKm14IdvCycOE/m4XNMu/4icBIptmBgZxrmgRpPHqBilBa+Krp/hBuTg4HWl9IAgWw==
  dependencies:
    "@solana/accounts" "5.0.0"
    "@solana/addresses" "5.0.0"
    "@solana/codecs" "5.0.0"
    "@solana/errors" "5.0.0"
    "@solana/functional" "5.0.0"
    "@solana/instruction-plans" "5.0.0"
    "@solana/instructions" "5.0.0"
    "@solana/keys" "5.0.0"
    "@solana/programs" "5.0.0"
    "@solana/rpc" "5.0.0"
    "@solana/rpc-parsed-types" "5.0.0"
    "@solana/rpc-spec-types" "5.0.0"
    "@solana/rpc-subscriptions" "5.0.0"
    "@solana/rpc-types" "5.0.0"
    "@solana/signers" "5.0.0"
    "@solana/sysvars" "5.0.0"
    "@solana/transaction-confirmation" "5.0.0"
    "@solana/transaction-messages" "5.0.0"
    "@solana/transactions" "5.0.0"

"@solana/nominal-types@5.0.0":
  version "5.0.0"
  resolved "https://registry.npmjs.org/@solana/nominal-types/-/nominal-types-5.0.0.tgz#dc6f35323c2f1a779be10801a95a062a50b6ae61"
  integrity sha512-Qn7xH4UG2rDAv+wAyheP4jWvX3oQmbZ/woxFZwug7PaRLvyjUswGr38Hil+SjiQyFDo+un1UqWM9N9yusUeeZQ==

"@solana/options@5.0.0":
  version "5.0.0"
  resolved "https://registry.npmjs.org/@solana/options/-/options-5.0.0.tgz#ba8ccfb513a9c2b38be11278ccb0c54906645af4"
  integrity sha512-ezHVBFb9FXVSn8LUVRD2tLb6fejU0x8KtGEYyCYh0J0pQuXSITV0IQCjcEopvu/ZxWdXOJyzjvmymnhz90on5A==
  dependencies:
    "@solana/codecs-core" "5.0.0"
    "@solana/codecs-data-structures" "5.0.0"
    "@solana/codecs-numbers" "5.0.0"
    "@solana/codecs-strings" "5.0.0"
    "@solana/errors" "5.0.0"

"@solana/programs@5.0.0":
  version "5.0.0"
  resolved "https://registry.npmjs.org/@solana/programs/-/programs-5.0.0.tgz#1c32ffe467a34923ad36ed9e15fde088476d2dc2"
  integrity sha512-BKOfBDrSUCJGZ+qKk2aFLu0nU9/84o6z/VDCJkLjaNNuTv8nOlSYq5flNzo1eyJmnpyW372qNvqqRN3AS23+FQ==
  dependencies:
    "@solana/addresses" "5.0.0"
    "@solana/errors" "5.0.0"

"@solana/promises@5.0.0":
  version "5.0.0"
  resolved "https://registry.npmjs.org/@solana/promises/-/promises-5.0.0.tgz#44ceab6ed55c533ad9ae70fee2fad08d9fb22a38"
  integrity sha512-Qmg3UfYfWINEUvBQL3DkPOq34tTg5cfrkPlDtJmi8RVifsPqb6hksbKZGu7ASLZohxIDGmnYQY6oELI7Me+5yw==

"@solana/rpc-api@5.0.0":
  version "5.0.0"
  resolved "https://registry.npmjs.org/@solana/rpc-api/-/rpc-api-5.0.0.tgz#bccbf534a48268831aa36cd011b41a1f622100c5"
  integrity sha512-IJbZZnX2B1ldXPok1NhneXTYq9ZvdJbE5Pryr03pZTlPJaWGqDcZuQ14nwR4s6PoUUgdT+p87QlLZqLb8MusoQ==
  dependencies:
    "@solana/addresses" "5.0.0"
    "@solana/codecs-core" "5.0.0"
    "@solana/codecs-strings" "5.0.0"
    "@solana/errors" "5.0.0"
    "@solana/keys" "5.0.0"
    "@solana/rpc-parsed-types" "5.0.0"
    "@solana/rpc-spec" "5.0.0"
    "@solana/rpc-transformers" "5.0.0"
    "@solana/rpc-types" "5.0.0"
    "@solana/transaction-messages" "5.0.0"
    "@solana/transactions" "5.0.0"

"@solana/rpc-parsed-types@5.0.0":
  version "5.0.0"
  resolved "https://registry.npmjs.org/@solana/rpc-parsed-types/-/rpc-parsed-types-5.0.0.tgz#e74cfaa9b4f33026e107d79c70261990f1f7a3c8"
  integrity sha512-fU9uqlOYAaBqgk2qCl+ntenBm7wuSFBRbIO/rVjeBPd/qPCvNZU+qFET+ERLK6wbCTSz0MmdHqPn1V8KCMOvZQ==

"@solana/rpc-spec-types@5.0.0":
  version "5.0.0"
  resolved "https://registry.npmjs.org/@solana/rpc-spec-types/-/rpc-spec-types-5.0.0.tgz#34e90643516890b78bd6d3b275a276a95a394dc7"
  integrity sha512-B0P/ylXVaCG5oSIV+kB88s2qoW996D8iKhc7RyF0C/AyYvklF6kCwv0N9ZVrWp0ibjlQ8St290WbBHJyo7QZkA==

"@solana/rpc-spec@5.0.0":
  version "5.0.0"
  resolved "https://registry.npmjs.org/@solana/rpc-spec/-/rpc-spec-5.0.0.tgz#a4c5fa78c73536b9ff08274a2fa3cf9c3d0ab775"
  integrity sha512-1LD2SYEQ5bYhiBumznAPzymtxSX4nYLZd6u+FA0bAxNBVzHDvUUQzVSXHAoWROhlGrCyvtALTs9u0DIDlgZHCA==
  dependencies:
    "@solana/errors" "5.0.0"
    "@solana/rpc-spec-types" "5.0.0"

"@solana/rpc-subscriptions-api@5.0.0":
  version "5.0.0"
  resolved "https://registry.npmjs.org/@solana/rpc-subscriptions-api/-/rpc-subscriptions-api-5.0.0.tgz#df7a396a414e3f43be25115aa4e2a7d76f22e59b"
  integrity sha512-DGUn3C12swV2FConOlLFN14npIrCtnxehtMLjszMC7g6p/P6WNIz5uAgF7YcIkLBDV8uTeWhM0azmK+V8Qqhvg==
  dependencies:
    "@solana/addresses" "5.0.0"
    "@solana/keys" "5.0.0"
    "@solana/rpc-subscriptions-spec" "5.0.0"
    "@solana/rpc-transformers" "5.0.0"
    "@solana/rpc-types" "5.0.0"
    "@solana/transaction-messages" "5.0.0"
    "@solana/transactions" "5.0.0"

"@solana/rpc-subscriptions-channel-websocket@5.0.0":
  version "5.0.0"
  resolved "https://registry.npmjs.org/@solana/rpc-subscriptions-channel-websocket/-/rpc-subscriptions-channel-websocket-5.0.0.tgz#9e83e83be6af1a8bbdc8f2e90234ee914c826323"
  integrity sha512-vsYXyjVX/kExfpr91zfMKTmWKKFCM+dkhXQDAz5aEE7kAF3KSZDiOGeYvN8Rc85lbIt9QK6BLAT+NBMv4/N9Qg==
  dependencies:
    "@solana/errors" "5.0.0"
    "@solana/functional" "5.0.0"
    "@solana/rpc-subscriptions-spec" "5.0.0"
    "@solana/subscribable" "5.0.0"

"@solana/rpc-subscriptions-spec@5.0.0":
  version "5.0.0"
  resolved "https://registry.npmjs.org/@solana/rpc-subscriptions-spec/-/rpc-subscriptions-spec-5.0.0.tgz#38eb36537cb6b1ad077721b29f137ab5e0e5a36d"
  integrity sha512-erRLvZMncwnciJP6I1SlAk0CyRGIgt83PyHWOVCRXENP9Q5dZbZ9pm4lar2yIp8EjIMnodGHsQWIlKc1hlCQlQ==
  dependencies:
    "@solana/errors" "5.0.0"
    "@solana/promises" "5.0.0"
    "@solana/rpc-spec-types" "5.0.0"
    "@solana/subscribable" "5.0.0"

"@solana/rpc-subscriptions@5.0.0":
  version "5.0.0"
  resolved "https://registry.npmjs.org/@solana/rpc-subscriptions/-/rpc-subscriptions-5.0.0.tgz#db3f4b0bf8d2130bd05b572f500c80d14b56342c"
  integrity sha512-cziOSzom/bwFZXViR9J+MxDsdLMcfvrXGw5Icng7dYODFKuVqfsDrQoG8uekJc4fREnbPEM2U+u9YnYSYbFbww==
  dependencies:
    "@solana/errors" "5.0.0"
    "@solana/fast-stable-stringify" "5.0.0"
    "@solana/functional" "5.0.0"
    "@solana/promises" "5.0.0"
    "@solana/rpc-spec-types" "5.0.0"
    "@solana/rpc-subscriptions-api" "5.0.0"
    "@solana/rpc-subscriptions-channel-websocket" "5.0.0"
    "@solana/rpc-subscriptions-spec" "5.0.0"
    "@solana/rpc-transformers" "5.0.0"
    "@solana/rpc-types" "5.0.0"
    "@solana/subscribable" "5.0.0"

"@solana/rpc-transformers@5.0.0":
  version "5.0.0"
  resolved "https://registry.npmjs.org/@solana/rpc-transformers/-/rpc-transformers-5.0.0.tgz#3260d4607cd4e64dc28f62255da71df9aee07c46"
  integrity sha512-EMHhSgfF6/T4FfHbLaBP08SIj1ZAjxJr6WPNZMHLV7Cup8UfiB9TNV+bPQkum7JbVQNhUKzkKEEmyYqPfQoV9w==
  dependencies:
    "@solana/errors" "5.0.0"
    "@solana/functional" "5.0.0"
    "@solana/nominal-types" "5.0.0"
    "@solana/rpc-spec-types" "5.0.0"
    "@solana/rpc-types" "5.0.0"

"@solana/rpc-transport-http@5.0.0":
  version "5.0.0"
  resolved "https://registry.npmjs.org/@solana/rpc-transport-http/-/rpc-transport-http-5.0.0.tgz#5fb31b0785da6b8510c3a1818b9fb604d95aa9c8"
  integrity sha512-RoIEvWp7yc7rIRzNkOyjLs2UQF0odIEMWj87dbD4Ir4hwTCGo/TSTfQF/8KDV2etdke3Fa1K+W1NkpG2POqWFg==
  dependencies:
    "@solana/errors" "5.0.0"
    "@solana/rpc-spec" "5.0.0"
    "@solana/rpc-spec-types" "5.0.0"
    undici-types "^7.16.0"

"@solana/rpc-types@5.0.0":
  version "5.0.0"
  resolved "https://registry.npmjs.org/@solana/rpc-types/-/rpc-types-5.0.0.tgz#3f361fc2c6b3db3435b7fd866ae65fc89dc88999"
  integrity sha512-JMbhwnV6nX4ezJv/KmaElOR0r/MZTKzKpaz6cv7FopLNuPrYCBrRCZKuM2XQh6gUbt9Mey08/KBOmOGmzTbL/g==
  dependencies:
    "@solana/addresses" "5.0.0"
    "@solana/codecs-core" "5.0.0"
    "@solana/codecs-numbers" "5.0.0"
    "@solana/codecs-strings" "5.0.0"
    "@solana/errors" "5.0.0"
    "@solana/nominal-types" "5.0.0"

"@solana/rpc@5.0.0":
  version "5.0.0"
  resolved "https://registry.npmjs.org/@solana/rpc/-/rpc-5.0.0.tgz#74b0043c5ad48526420708671ef9ea39b748db92"
  integrity sha512-Myx/ZBmMHkgh9Di3tLzc+vd30f+6YC1JXr9+YmIHKEeqN/+iTHkDJU2E/hGRLy8vTOBOU7+2466A+dLnSVuGkg==
  dependencies:
    "@solana/errors" "5.0.0"
    "@solana/fast-stable-stringify" "5.0.0"
    "@solana/functional" "5.0.0"
    "@solana/rpc-api" "5.0.0"
    "@solana/rpc-spec" "5.0.0"
    "@solana/rpc-spec-types" "5.0.0"
    "@solana/rpc-transformers" "5.0.0"
    "@solana/rpc-transport-http" "5.0.0"
    "@solana/rpc-types" "5.0.0"

"@solana/signers@5.0.0":
  version "5.0.0"
  resolved "https://registry.npmjs.org/@solana/signers/-/signers-5.0.0.tgz#f4e3d27607348dfaa66e49fd7e7da63b221fae89"
  integrity sha512-9Hw6HekSEzj5O7UBBFPrxk96W5e8tMI3n7KbW7/QiKBDpuvYw9WtnjOsWUE7LqQoc1P0JjGEsrmxE9raQBLvuQ==
  dependencies:
    "@solana/addresses" "5.0.0"
    "@solana/codecs-core" "5.0.0"
    "@solana/errors" "5.0.0"
    "@solana/instructions" "5.0.0"
    "@solana/keys" "5.0.0"
    "@solana/nominal-types" "5.0.0"
    "@solana/transaction-messages" "5.0.0"
    "@solana/transactions" "5.0.0"

"@solana/subscribable@5.0.0":
  version "5.0.0"
  resolved "https://registry.npmjs.org/@solana/subscribable/-/subscribable-5.0.0.tgz#0fd7c8bc9f88e87b77f8b3ad1432f4d6ba5866c8"
  integrity sha512-C2TydIRRd5XUJ8asbARi67Sj/3DRLubWalnNoafBhDsrb88jsRVylntvwXgBw/+lwJdEPEsUnxvcdgdm+3lFlw==
  dependencies:
    "@solana/errors" "5.0.0"

"@solana/sysvars@5.0.0":
  version "5.0.0"
  resolved "https://registry.npmjs.org/@solana/sysvars/-/sysvars-5.0.0.tgz#6ffe8535e89a180d45fffb7d5166b30b61731de5"
  integrity sha512-F/GEb2rS8mrgDd79lDPyu8za9jGE6cRlS4jHNeKCkvOCJxdKQbX34JIzx4kwzjtvk7O8/yrDHfGdpA8nBg/l4w==
  dependencies:
    "@solana/accounts" "5.0.0"
    "@solana/codecs" "5.0.0"
    "@solana/errors" "5.0.0"
    "@solana/rpc-types" "5.0.0"

"@solana/transaction-confirmation@5.0.0":
  version "5.0.0"
  resolved "https://registry.npmjs.org/@solana/transaction-confirmation/-/transaction-confirmation-5.0.0.tgz#04445e23563411d767f9acae98fa3d6cd6a00f8a"
  integrity sha512-LpusTopYIuQC8hBCloExkTr4Z5/zdp5f4IIbzD5XFeW3xXPZytS3H1IDMGk4bmLdZi9zQNA4lnNHKra5IncRbw==
  dependencies:
    "@solana/addresses" "5.0.0"
    "@solana/codecs-strings" "5.0.0"
    "@solana/errors" "5.0.0"
    "@solana/keys" "5.0.0"
    "@solana/promises" "5.0.0"
    "@solana/rpc" "5.0.0"
    "@solana/rpc-subscriptions" "5.0.0"
    "@solana/rpc-types" "5.0.0"
    "@solana/transaction-messages" "5.0.0"
    "@solana/transactions" "5.0.0"

"@solana/transaction-messages@5.0.0":
  version "5.0.0"
  resolved "https://registry.npmjs.org/@solana/transaction-messages/-/transaction-messages-5.0.0.tgz#adfd62836923dffd239c6d639e8faffcfdafd48c"
  integrity sha512-rJLe1wUGW5DovQFV0gjXHXnriPxTBgZ3TvGWnjCu2OIBU8mcQkQVJ7zzVZY2IAYlmJ6OSF9nvzhSt/ncPbkJPg==
  dependencies:
    "@solana/addresses" "5.0.0"
    "@solana/codecs-core" "5.0.0"
    "@solana/codecs-data-structures" "5.0.0"
    "@solana/codecs-numbers" "5.0.0"
    "@solana/errors" "5.0.0"
    "@solana/functional" "5.0.0"
    "@solana/instructions" "5.0.0"
    "@solana/nominal-types" "5.0.0"
    "@solana/rpc-types" "5.0.0"

"@solana/transactions@5.0.0":
  version "5.0.0"
  resolved "https://registry.npmjs.org/@solana/transactions/-/transactions-5.0.0.tgz#dd0366892afacf6e813fdefa1b46eaf39b2edc00"
  integrity sha512-4TcsqH7JtgRKGGBIRRGz0n+tXu4h5TPPC49kkV0ygIndQaHW7FOZUYTwQ0epq0A5h9KYi+ClNbzF9xiuDbAD5Q==
  dependencies:
    "@solana/addresses" "5.0.0"
    "@solana/codecs-core" "5.0.0"
    "@solana/codecs-data-structures" "5.0.0"
    "@solana/codecs-numbers" "5.0.0"
    "@solana/codecs-strings" "5.0.0"
    "@solana/errors" "5.0.0"
    "@solana/functional" "5.0.0"
    "@solana/instructions" "5.0.0"
    "@solana/keys" "5.0.0"
    "@solana/nominal-types" "5.0.0"
    "@solana/rpc-types" "5.0.0"
    "@solana/transaction-messages" "5.0.0"

"@sorare/actioncable@^1.0.3":
  version "1.0.3"
  resolved "https://registry.yarnpkg.com/@sorare/actioncable/-/actioncable-1.0.3.tgz#262910d3ed226d30fbd0a67c5535f13581a5722c"
  integrity sha512-2c8tDIS975Uc9RsddBsCjM9U1Mgc/h+nC7f9gXRc/+tvsQr5plfKik0vDDa9ddyuRWLIeBwIFz36W5wp7RLaCA==
  dependencies:
    ws "^8.4.0"

"@sorare/crypto@^2.0.1":
  version "2.0.2"
  resolved "https://registry.npmjs.org/@sorare/crypto/-/crypto-2.0.2.tgz#eb9f1ce9fcb9a0f4b198c439423880fa3ba03491"
  integrity sha512-38ZvhQIU+pXhQEYxseg+25fLuOstF0U99zykw/Jth9SGbIp39rAgmQLnw0WgCc3LRQTCTZmuHkaQmFQBDq18GQ==
  dependencies:
    "@noble/curves" "^1.0.0"
    "@noble/hashes" "~1.3.0"
    "@scure/bip32" "1.3.0"
    "@scure/bip39" "^1.2.1"
    micro-starknet "0.2.3"

abitype@1.1.0:
  version "1.1.0"
  resolved "https://registry.npmjs.org/abitype/-/abitype-1.1.0.tgz#510c5b3f92901877977af5e864841f443bf55406"
  integrity sha512-6Vh4HcRxNMLA0puzPjM5GBgT4aAcFGKZzSgAXvuZ27shJP6NEpielTuqbBmZILR5/xd0PizkBGy5hReKz9jl5A==

abitype@^1.0.9:
  version "1.1.1"
  resolved "https://registry.npmjs.org/abitype/-/abitype-1.1.1.tgz#b50ed400f8bfca5452eb4033445c309d3e1117c8"
  integrity sha512-Loe5/6tAgsBukY95eGaPSDmQHIjRZYQq8PB1MpsNccDIK8WiV+Uw6WzaIXipvaxTEL2yEB0OpEaQv3gs8pkS9Q==

ansi-regex@^5.0.1:
  version "5.0.1"
  resolved "https://registry.yarnpkg.com/ansi-regex/-/ansi-regex-5.0.1.tgz#082cb2c89c9fe8659a311a53bd6a4dc5301db304"
  integrity sha512-quJQXlTSUGL2LH9SUXo8VwsY4soanhgo6LNSm84E1LBcE8s3O0wpdiRzyR9z/ZZJMlMWv37qOOb9pdJlMUEKFQ==

ansi-styles@^4.0.0:
  version "4.3.0"
  resolved "https://registry.yarnpkg.com/ansi-styles/-/ansi-styles-4.3.0.tgz#edd803628ae71c04c85ae7a0906edad34b648937"
  integrity sha512-zbB9rCJAT1rbjiVDb2hqKFHNYLxgtk8NURxZ3IZwD3F6NtxbXZQCnnSi1Lkx+IDohdPlFp222wVALIheZJQSEg==
  dependencies:
    color-convert "^2.0.1"

asynckit@^0.4.0:
  version "0.4.0"
  resolved "https://registry.yarnpkg.com/asynckit/-/asynckit-0.4.0.tgz#c79ed97f7f34cb8f2ba1bc9790bcc366474b4b79"
  integrity sha1-x57Zf380y48robyXkLzDZkdLS3k=

chalk@5.6.2:
  version "5.6.2"
  resolved "https://registry.npmjs.org/chalk/-/chalk-5.6.2.tgz#b1238b6e23ea337af71c7f8a295db5af0c158aea"
  integrity sha512-7NzBL0rN6fMUW+f7A6Io4h40qQlG+xGmtMxfbnH/K7TAtt8JQWVQK+6g0UXKMeVJoyV5EkkNsErQ8pVD3bLHbA==

cliui@^7.0.2:
  version "7.0.4"
  resolved "https://registry.yarnpkg.com/cliui/-/cliui-7.0.4.tgz#a0265ee655476fc807aea9df3df8df7783808b4f"
  integrity sha512-OcRE68cOsVMXp1Yvonl/fzkQOyjLSu/8bhPDfQt0e0/Eb283TKP20Fs2MqoPsr9SwA595rRCA+QMzYc9nBP+JQ==
  dependencies:
    string-width "^4.2.0"
    strip-ansi "^6.0.0"
    wrap-ansi "^7.0.0"

color-convert@^2.0.1:
  version "2.0.1"
  resolved "https://registry.yarnpkg.com/color-convert/-/color-convert-2.0.1.tgz#72d3a68d598c9bdb3af2ad1e84f21d896abd4de3"
  integrity sha512-RRECPsj7iu/xb5oKYcsFHSppFNnsj/52OVTRKb4zP5onXwVF3zVmmToNcOfGC+CRDpfK/U584fMg38ZHCaElKQ==
  dependencies:
    color-name "~1.1.4"

color-name@~1.1.4:
  version "1.1.4"
  resolved "https://registry.yarnpkg.com/color-name/-/color-name-1.1.4.tgz#c2a09a87acbde69543de6f63fa3995c826c536a2"
  integrity sha512-dOy+3AuW3a2wNbZHIuMZpTcgjGuLU/uBL/ubcZF9OXbDo8ff4O8yVp5Bf0efS8uEoYo5q4Fx7dY9OgQGXgAsQA==

combined-stream@^1.0.8:
  version "1.0.8"
  resolved "https://registry.yarnpkg.com/combined-stream/-/combined-stream-1.0.8.tgz#c3d45a8b34fd730631a110a8a2520682b31d5a7f"
  integrity sha512-FQN4MRfuJeHf7cBbBMJFXhKSDq+2kAArBlmRBvcvFE5BB1HZKXtSFASDhdlz9zOYwxh8lDdnvmMOe/+5cdoEdg==
  dependencies:
    delayed-stream "~1.0.0"

commander@14.0.1:
  version "14.0.1"
  resolved "https://registry.npmjs.org/commander/-/commander-14.0.1.tgz#2f9225c19e6ebd0dc4404dd45821b2caa17ea09b"
  integrity sha512-2JkV3gUZUVrbNA+1sjBOYLsMZ5cEEl8GTFP2a4AVz5hvasAMCQ1D2l2le/cX+pV4N6ZU17zjUahLpIXRrnWL8A==

cross-fetch@^3.0.6:
  version "3.1.4"
  resolved "https://registry.yarnpkg.com/cross-fetch/-/cross-fetch-3.1.4.tgz#9723f3a3a247bf8b89039f3a380a9244e8fa2f39"
  integrity sha512-1eAtFWdIubi6T4XPy6ei9iUFoKpUkIF971QLN8lIvvvwueI65+Nw5haMNKUwfJxabqlIIDODJKGrQ66gxC0PbQ==
  dependencies:
    node-fetch "2.6.1"

crypto@^1.0.1:
  version "1.0.1"
  resolved "https://registry.yarnpkg.com/crypto/-/crypto-1.0.1.tgz#2af1b7cad8175d24c8a1b0778255794a21803037"
  integrity sha512-VxBKmeNcqQdiUQUW2Tzq0t377b54N2bMtXO/qiLa+6eRRmmC4qT3D4OnTGoT/U6O9aklQ/jTwbOtRMTTY8G0Ig==

delayed-stream@~1.0.0:
  version "1.0.0"
  resolved "https://registry.yarnpkg.com/delayed-stream/-/delayed-stream-1.0.0.tgz#df3ae199acadfb7d440aaae0b29e2272b24ec619"
  integrity sha1-3zrhmayt+31ECqrgsp4icrJOxhk=

emoji-regex@^8.0.0:
  version "8.0.0"
  resolved "https://registry.yarnpkg.com/emoji-regex/-/emoji-regex-8.0.0.tgz#e818fd69ce5ccfcb404594f842963bf53164cc37"
  integrity sha512-MSjYzcWNOA0ewAHpz0MxpYFvwg6yjy1NG3xteoqz644VCo/RPgnr1/GGt+ic3iJTzQ8Eu3TdM14SawnVUmGE6A==

escalade@^3.1.1:
  version "3.1.1"
  resolved "https://registry.yarnpkg.com/escalade/-/escalade-3.1.1.tgz#d8cfdc7000965c5a0174b4a82eaa5c0552742e40"
  integrity sha512-k0er2gUkLf8O0zKJiAhmkTnJlTvINGv7ygDNPbeIsX/TJjGJZHuh9B2UxbsaEkmlEo9MfhrSzmhIlhRlI2GXnw==

eventemitter3@5.0.1:
  version "5.0.1"
  resolved "https://registry.npmjs.org/eventemitter3/-/eventemitter3-5.0.1.tgz#53f5ffd0a492ac800721bb42c66b841de96423c4"
  integrity sha512-GWkBvjiSZK87ELrYOSESUYeVIc9mvLLf/nXalMOS5dYrgZq9o5OVkbZAVM06CVxYsCwH9BDZFPlQTlPA1j4ahA==

extract-files@^9.0.0:
  version "9.0.0"
  resolved "https://registry.yarnpkg.com/extract-files/-/extract-files-9.0.0.tgz#8a7744f2437f81f5ed3250ed9f1550de902fe54a"
  integrity sha512-CvdFfHkC95B4bBBk36hcEmvdR2awOdhhVUYH6S/zrVj3477zven/fJMYg7121h4T1xHZC+tetUpubpAhxwI7hQ==

form-data@^3.0.0:
  version "3.0.1"
  resolved "https://registry.yarnpkg.com/form-data/-/form-data-3.0.1.tgz#ebd53791b78356a99af9a300d4282c4d5eb9755f"
  integrity sha512-RHkBKtLWUVwd7SqRIvCZMEvAMoGUp0XU+seQiZejj0COz3RI3hWP4sCv3gZWWLjJTd7rGwcsF5eKZGii0r/hbg==
  dependencies:
    asynckit "^0.4.0"
    combined-stream "^1.0.8"
    mime-types "^2.1.12"

get-caller-file@^2.0.5:
  version "2.0.5"
  resolved "https://registry.yarnpkg.com/get-caller-file/-/get-caller-file-2.0.5.tgz#4f94412a82db32f36e3b0b9741f8a97feb031f7e"
  integrity sha512-DyFP3BM/3YHTQOCUL/w0OZHR0lpKeGrxotcHWcqNEdnltqFwXVfhEBQ94eIo34AfQpo0rGki4cyIiftY06h2Fg==

graphql-request@^3.7.0:
  version "3.7.0"
  resolved "https://registry.yarnpkg.com/graphql-request/-/graphql-request-3.7.0.tgz#c7406e537084f8b9788541e3e6704340ca13055b"
  integrity sha512-dw5PxHCgBneN2DDNqpWu8QkbbJ07oOziy8z+bK/TAXufsOLaETuVO4GkXrbs0WjhdKhBMN3BkpN/RIvUHkmNUQ==
  dependencies:
    cross-fetch "^3.0.6"
    extract-files "^9.0.0"
    form-data "^3.0.0"

graphql@^16.2.0:
  version "16.2.0"
  resolved "https://registry.yarnpkg.com/graphql/-/graphql-16.2.0.tgz#de3150e80f1fc009590b92a9d16ab1b46e12b656"
  integrity sha512-MuQd7XXrdOcmfwuLwC2jNvx0n3rxIuNYOxUtiee5XOmfrWo613ar2U8pE7aHAKh8VwfpifubpD9IP+EdEAEOsA==

is-fullwidth-code-point@^3.0.0:
  version "3.0.0"
  resolved "https://registry.yarnpkg.com/is-fullwidth-code-point/-/is-fullwidth-code-point-3.0.0.tgz#f116f8064fe90b3f7844a38997c0b75051269f1d"
  integrity sha512-zymm5+u+sCsSWyD9qNaejV3DFvhCKclKdizYaJUuHA83RLjb7nSuGnddCHGv0hk+KY7BMAlsWeK4Ueg6EV6XQg==

isows@1.0.7:
  version "1.0.7"
  resolved "https://registry.npmjs.org/isows/-/isows-1.0.7.tgz#1c06400b7eed216fbba3bcbd68f12490fc342915"
  integrity sha512-I1fSfDCZL5P0v33sVqeTDSpcstAg/N+wF5HS033mogOVIp4B+oHC7oOCsA3axAbBSGTJ8QubbNmnIRN/h8U7hg==

micro-starknet@0.2.3:
  version "0.2.3"
  resolved "https://registry.npmjs.org/micro-starknet/-/micro-starknet-0.2.3.tgz#ff4e7caf599255d2110e9c57bb483dfaf493ccb3"
  integrity sha512-6XBcC+GerlwJSR4iA0VaeXtS2wrayWFcA4PEzrJPMuFmWCaUtuGIq5K/DB5F/XgnL54/zl2Bxo690Lj7mYVA8A==
  dependencies:
    "@noble/curves" "~1.0.0"
    "@noble/hashes" "~1.3.0"

mime-db@1.51.0:
  version "1.51.0"
  resolved "https://registry.yarnpkg.com/mime-db/-/mime-db-1.51.0.tgz#d9ff62451859b18342d960850dc3cfb77e63fb0c"
  integrity sha512-5y8A56jg7XVQx2mbv1lu49NR4dokRnhZYTtL+KGfaa27uq4pSTXkwQkFJl4pkRMyNFz/EtYDSkiiEHx3F7UN6g==

mime-types@^2.1.12:
  version "2.1.34"
  resolved "https://registry.yarnpkg.com/mime-types/-/mime-types-2.1.34.tgz#5a712f9ec1503511a945803640fafe09d3793c24"
  integrity sha512-6cP692WwGIs9XXdOO4++N+7qjqv0rqxxVvJ3VHPh/Sc9mVZcQP+ZGhkKiTvWMQRr2tbHkJP/Yn7Y0npb3ZBs4A==
  dependencies:
    mime-db "1.51.0"

node-fetch@2.6.1:
  version "2.6.1"
  resolved "https://registry.yarnpkg.com/node-fetch/-/node-fetch-2.6.1.tgz#045bd323631f76ed2e2b55573394416b639a0052"
  integrity sha512-V4aYg89jEoVRxRb2fJdAg8FHvI7cEyYdVAh94HH0UIK8oJxUfkjlDQN9RbMx+bEjP7+ggMiFRprSti032Oipxw==

ox@0.9.6:
  version "0.9.6"
  resolved "https://registry.npmjs.org/ox/-/ox-0.9.6.tgz#5cf02523b6db364c10ee7f293ff1e664e0e1eab7"
  integrity sha512-8SuCbHPvv2eZLYXrNmC0EC12rdzXQLdhnOMlHDW2wiCPLxBrOOJwX5L5E61by+UjTPOryqQiRSnjIKCI+GykKg==
  dependencies:
    "@adraffy/ens-normalize" "^1.11.0"
    "@noble/ciphers" "^1.3.0"
    "@noble/curves" "1.9.1"
    "@noble/hashes" "^1.8.0"
    "@scure/bip32" "^1.7.0"
    "@scure/bip39" "^1.6.0"
    abitype "^1.0.9"
    eventemitter3 "5.0.1"

require-directory@^2.1.1:
  version "2.1.1"
  resolved "https://registry.yarnpkg.com/require-directory/-/require-directory-2.1.1.tgz#8c64ad5fd30dab1c976e2344ffe7f792a6a6df42"
  integrity sha1-jGStX9MNqxyXbiNE/+f3kqam30I=

string-width@^4.1.0, string-width@^4.2.0, string-width@^4.2.3:
  version "4.2.3"
  resolved "https://registry.yarnpkg.com/string-width/-/string-width-4.2.3.tgz#269c7117d27b05ad2e536830a8ec895ef9c6d010"
  integrity sha512-wKyQRQpjJ0sIp62ErSZdGsjMJWsap5oRNihHhu6G7JVO/9jIB6UyevL+tXuOqrng8j/cxKTWyWUwvSTriiZz/g==
  dependencies:
    emoji-regex "^8.0.0"
    is-fullwidth-code-point "^3.0.0"
    strip-ansi "^6.0.1"

strip-ansi@^6.0.0, strip-ansi@^6.0.1:
  version "6.0.1"
  resolved "https://registry.yarnpkg.com/strip-ansi/-/strip-ansi-6.0.1.tgz#9e26c63d30f53443e9489495b2105d37b67a85d9"
  integrity sha512-Y38VPSHcqkFrCpFnQ9vuSXmquuv5oXOKpGeT6aGrr3o3Gc9AlVa6JBfUSOCnbxGGZF+/0ooI7KrPuUSztUdU5A==
  dependencies:
    ansi-regex "^5.0.1"

undici-types@^7.16.0:
  version "7.16.0"
  resolved "https://registry.npmjs.org/undici-types/-/undici-types-7.16.0.tgz#ffccdff36aea4884cbfce9a750a0580224f58a46"
  integrity sha512-Zz+aZWSj8LE6zoxD+xrjh4VfkIG8Ya6LvYkZqtUQGJPZjYl53ypCaUwWqo7eI0x66KBGeRo+mlBEkMSeSZ38Nw==

viem@^2.38.6:
  version "2.38.6"
  resolved "https://registry.npmjs.org/viem/-/viem-2.38.6.tgz#ab315bef8f872bce86f0f145e9b008b5e94f1904"
  integrity sha512-aqO6P52LPXRjdnP6rl5Buab65sYa4cZ6Cpn+k4OLOzVJhGIK8onTVoKMFMT04YjDfyDICa/DZyV9HmvLDgcjkw==
  dependencies:
    "@noble/curves" "1.9.1"
    "@noble/hashes" "1.8.0"
    "@scure/bip32" "1.7.0"
    "@scure/bip39" "1.6.0"
    abitype "1.1.0"
    isows "1.0.7"
    ox "0.9.6"
    ws "8.18.3"

wrap-ansi@^7.0.0:
  version "7.0.0"
  resolved "https://registry.yarnpkg.com/wrap-ansi/-/wrap-ansi-7.0.0.tgz#67e145cff510a6a6984bdf1152911d69d2eb9e43"
  integrity sha512-YVGIj2kamLSTxw6NsZjoBxfSwsn0ycdesmc4p+Q21c5zPuZ1pl+NfxVdxPtdHvmNVOQ6XSYG4AUtyt/Fi7D16Q==
  dependencies:
    ansi-styles "^4.0.0"
    string-width "^4.1.0"
    strip-ansi "^6.0.0"

ws@8.18.3:
  version "8.18.3"
  resolved "https://registry.npmjs.org/ws/-/ws-8.18.3.tgz#b56b88abffde62791c639170400c93dcb0c95472"
  integrity sha512-PEIGCY5tSlUt50cqyMXfCzX+oOPqN0vuGqWzbcJ2xvnkzkq46oOpz7dQaTDBdfICb4N14+GARUDw2XV2N4tvzg==

ws@^8.4.0:
  version "8.4.0"
  resolved "https://registry.yarnpkg.com/ws/-/ws-8.4.0.tgz#f05e982a0a88c604080e8581576e2a063802bed6"
  integrity sha512-IHVsKe2pjajSUIl4KYMQOdlyliovpEPquKkqbwswulszzI7r0SfQrxnXdWAEqOlDCLrVSJzo+O1hAwdog2sKSQ==

y18n@^5.0.5:
  version "5.0.8"
  resolved "https://registry.yarnpkg.com/y18n/-/y18n-5.0.8.tgz#7f4934d0f7ca8c56f95314939ddcd2dd91ce1d55"
  integrity sha512-0pfFzegeDWJHJIAmTLRP2DwHjdF5s7jo9tuztdQxAhINCdvS+3nGINqPd00AphqJR/0LhANUS6/+7SCb98YOfA==

yargs-parser@^21.0.0:
  version "21.0.0"
  resolved "https://registry.yarnpkg.com/yargs-parser/-/yargs-parser-21.0.0.tgz#a485d3966be4317426dd56bdb6a30131b281dc55"
  integrity sha512-z9kApYUOCwoeZ78rfRYYWdiU/iNL6mwwYlkkZfJoyMR1xps+NEBX5X7XmRpxkZHhXJ6+Ey00IwKxBBSW9FIjyA==

yargs@^17.3.0:
  version "17.3.0"
  resolved "https://registry.yarnpkg.com/yargs/-/yargs-17.3.0.tgz#295c4ffd0eef148ef3e48f7a2e0f58d0e4f26b1c"
  integrity sha512-GQl1pWyDoGptFPJx9b9L6kmR33TGusZvXIZUT+BOz9f7X2L94oeAskFYLEg/FkhV06zZPBYLvLZRWeYId29lew==
  dependencies:
    cliui "^7.0.2"
    escalade "^3.1.1"
    get-caller-file "^2.0.5"
    require-directory "^2.1.1"
    string-width "^4.2.3"
    y18n "^5.0.5"
    yargs-parser "^21.0.0"
